// !$*UTF8*$!
{
	archiveVersion = 1;
	classes = {
	};
	objectVersion = 48;
	objects = {

/* Begin PBXBuildFile section */
		3DD030F7212FE92B00BF47BF /* AppDelegate.m in Sources */ = {isa = PBXBuildFile; fileRef = 3DD030F6212FE92B00BF47BF /* AppDelegate.m */; };
		3DD030FA212FE92B00BF47BF /* ViewController.m in Sources */ = {isa = PBXBuildFile; fileRef = 3DD030F9212FE92B00BF47BF /* ViewController.m */; };
		3DD030FD212FE92B00BF47BF /* Main.storyboard in Resources */ = {isa = PBXBuildFile; fileRef = 3DD030FB212FE92B00BF47BF /* Main.storyboard */; };
		3DD030FF212FE92B00BF47BF /* Assets.xcassets in Resources */ = {isa = PBXBuildFile; fileRef = 3DD030FE212FE92B00BF47BF /* Assets.xcassets */; };
		3DD03102212FE92B00BF47BF /* LaunchScreen.storyboard in Resources */ = {isa = PBXBuildFile; fileRef = 3DD03100212FE92B00BF47BF /* LaunchScreen.storyboard */; };
		3DD03105212FE92C00BF47BF /* main.m in Sources */ = {isa = PBXBuildFile; fileRef = 3DD03104212FE92C00BF47BF /* main.m */; };
		3DD0310F212FE92C00BF47BF /* JLImgCacheTests.m in Sources */ = {isa = PBXBuildFile; fileRef = 3DD0310E212FE92C00BF47BF /* JLImgCacheTests.m */; };
		3DD0311A212FE92C00BF47BF /* JLImgCacheUITests.m in Sources */ = {isa = PBXBuildFile; fileRef = 3DD03119212FE92C00BF47BF /* JLImgCacheUITests.m */; };
		3DD0312E212FE96600BF47BF /* JLImgDownIoad.m in Sources */ = {isa = PBXBuildFile; fileRef = 3DD03128212FE96600BF47BF /* JLImgDownIoad.m */; };
		3DD0312F212FE96600BF47BF /* JLImgCache.m in Sources */ = {isa = PBXBuildFile; fileRef = 3DD03129212FE96600BF47BF /* JLImgCache.m */; };
		3DD03130212FE96600BF47BF /* UIImageView+JLloadimg.m in Sources */ = {isa = PBXBuildFile; fileRef = 3DD0312A212FE96600BF47BF /* UIImageView+JLloadimg.m */; };
/* End PBXBuildFile section */

/* Begin PBXContainerItemProxy section */
		3DD0310B212FE92C00BF47BF /* PBXContainerItemProxy */ = {
			isa = PBXContainerItemProxy;
			containerPortal = 3DD030EA212FE92B00BF47BF /* Project object */;
			proxyType = 1;
			remoteGlobalIDString = 3DD030F1212FE92B00BF47BF;
			remoteInfo = JLImgCache;
		};
		3DD03116212FE92C00BF47BF /* PBXContainerItemProxy */ = {
			isa = PBXContainerItemProxy;
			containerPortal = 3DD030EA212FE92B00BF47BF /* Project object */;
			proxyType = 1;
			remoteGlobalIDString = 3DD030F1212FE92B00BF47BF;
			remoteInfo = JLImgCache;
		};
/* End PBXContainerItemProxy section */

/* Begin PBXFileReference section */
		3DD030F2212FE92B00BF47BF /* JLImgCache.app */ = {isa = PBXFileReference; explicitFileType = wrapper.application; includeInIndex = 0; path = JLImgCache.app; sourceTree = BUILT_PRODUCTS_DIR; };
		3DD030F5212FE92B00BF47BF /* AppDelegate.h */ = {isa = PBXFileReference; lastKnownFileType = sourcecode.c.h; path = AppDelegate.h; sourceTree = "<group>"; };
		3DD030F6212FE92B00BF47BF /* AppDelegate.m */ = {isa = PBXFileReference; lastKnownFileType = sourcecode.c.objc; path = AppDelegate.m; sourceTree = "<group>"; };
		3DD030F8212FE92B00BF47BF /* ViewController.h */ = {isa = PBXFileReference; lastKnownFileType = sourcecode.c.h; path = ViewController.h; sourceTree = "<group>"; };
		3DD030F9212FE92B00BF47BF /* ViewController.m */ = {isa = PBXFileReference; lastKnownFileType = sourcecode.c.objc; path = ViewController.m; sourceTree = "<group>"; };
		3DD030FC212FE92B00BF47BF /* Base */ = {isa = PBXFileReference; lastKnownFileType = file.storyboard; name = Base; path = Base.lproj/Main.storyboard; sourceTree = "<group>"; };
		3DD030FE212FE92B00BF47BF /* Assets.xcassets */ = {isa = PBXFileReference; lastKnownFileType = folder.assetcatalog; path = Assets.xcassets; sourceTree = "<group>"; };
		3DD03101212FE92B00BF47BF /* Base */ = {isa = PBXFileReference; lastKnownFileType = file.storyboard; name = Base; path = Base.lproj/LaunchScreen.storyboard; sourceTree = "<group>"; };
		3DD03103212FE92C00BF47BF /* Info.plist */ = {isa = PBXFileReference; lastKnownFileType = text.plist.xml; path = Info.plist; sourceTree = "<group>"; };
		3DD03104212FE92C00BF47BF /* main.m */ = {isa = PBXFileReference; lastKnownFileType = sourcecode.c.objc; path = main.m; sourceTree = "<group>"; };
		3DD0310A212FE92C00BF47BF /* JLImgCacheTests.xctest */ = {isa = PBXFileReference; explicitFileType = wrapper.cfbundle; includeInIndex = 0; path = JLImgCacheTests.xctest; sourceTree = BUILT_PRODUCTS_DIR; };
		3DD0310E212FE92C00BF47BF /* JLImgCacheTests.m */ = {isa = PBXFileReference; lastKnownFileType = sourcecode.c.objc; path = JLImgCacheTests.m; sourceTree = "<group>"; };
		3DD03110212FE92C00BF47BF /* Info.plist */ = {isa = PBXFileReference; lastKnownFileType = text.plist.xml; path = Info.plist; sourceTree = "<group>"; };
		3DD03115212FE92C00BF47BF /* JLImgCacheUITests.xctest */ = {isa = PBXFileReference; explicitFileType = wrapper.cfbundle; includeInIndex = 0; path = JLImgCacheUITests.xctest; sourceTree = BUILT_PRODUCTS_DIR; };
		3DD03119212FE92C00BF47BF /* JLImgCacheUITests.m */ = {isa = PBXFileReference; lastKnownFileType = sourcecode.c.objc; path = JLImgCacheUITests.m; sourceTree = "<group>"; };
		3DD0311B212FE92C00BF47BF /* Info.plist */ = {isa = PBXFileReference; lastKnownFileType = text.plist.xml; path = Info.plist; sourceTree = "<group>"; };
		3DD03128212FE96600BF47BF /* JLImgDownIoad.m */ = {isa = PBXFileReference; fileEncoding = 4; lastKnownFileType = sourcecode.c.objc; path = JLImgDownIoad.m; sourceTree = "<group>"; };
		3DD03129212FE96600BF47BF /* JLImgCache.m */ = {isa = PBXFileReference; fileEncoding = 4; lastKnownFileType = sourcecode.c.objc; path = JLImgCache.m; sourceTree = "<group>"; };
		3DD0312A212FE96600BF47BF /* UIImageView+JLloadimg.m */ = {isa = PBXFileReference; fileEncoding = 4; lastKnownFileType = sourcecode.c.objc; path = "UIImageView+JLloadimg.m"; sourceTree = "<group>"; };
		3DD0312B212FE96600BF47BF /* JLImgCache.h */ = {isa = PBXFileReference; fileEncoding = 4; lastKnownFileType = sourcecode.c.h; path = JLImgCache.h; sourceTree = "<group>"; };
		3DD0312C212FE96600BF47BF /* JLImgDownIoad.h */ = {isa = PBXFileReference; fileEncoding = 4; lastKnownFileType = sourcecode.c.h; path = JLImgDownIoad.h; sourceTree = "<group>"; };
		3DD0312D212FE96600BF47BF /* UIImageView+JLloadimg.h */ = {isa = PBXFileReference; fileEncoding = 4; lastKnownFileType = sourcecode.c.h; path = "UIImageView+JLloadimg.h"; sourceTree = "<group>"; };
/* End PBXFileReference section */

/* Begin PBXFrameworksBuildPhase section */
		3DD030EF212FE92B00BF47BF /* Frameworks */ = {
			isa = PBXFrameworksBuildPhase;
			buildActionMask = 2147483647;
			files = (
			);
			runOnlyForDeploymentPostprocessing = 0;
		};
		3DD03107212FE92C00BF47BF /* Frameworks */ = {
			isa = PBXFrameworksBuildPhase;
			buildActionMask = 2147483647;
			files = (
			);
			runOnlyForDeploymentPostprocessing = 0;
		};
		3DD03112212FE92C00BF47BF /* Frameworks */ = {
			isa = PBXFrameworksBuildPhase;
			buildActionMask = 2147483647;
			files = (
			);
			runOnlyForDeploymentPostprocessing = 0;
		};
/* End PBXFrameworksBuildPhase section */

/* Begin PBXGroup section */
		3DD030E9212FE92B00BF47BF = {
			isa = PBXGroup;
			children = (
				3DD030F4212FE92B00BF47BF /* JLImgCache */,
				3DD0310D212FE92C00BF47BF /* JLImgCacheTests */,
				3DD03118212FE92C00BF47BF /* JLImgCacheUITests */,
				3DD030F3212FE92B00BF47BF /* Products */,
			);
			sourceTree = "<group>";
		};
		3DD030F3212FE92B00BF47BF /* Products */ = {
			isa = PBXGroup;
			children = (
				3DD030F2212FE92B00BF47BF /* JLImgCache.app */,
				3DD0310A212FE92C00BF47BF /* JLImgCacheTests.xctest */,
				3DD03115212FE92C00BF47BF /* JLImgCacheUITests.xctest */,
			);
			name = Products;
			sourceTree = "<group>";
		};
		3DD030F4212FE92B00BF47BF /* JLImgCache */ = {
			isa = PBXGroup;
			children = (
				3DD03127212FE96600BF47BF /* JLImgCache */,
				3DD030F5212FE92B00BF47BF /* AppDelegate.h */,
				3DD030F6212FE92B00BF47BF /* AppDelegate.m */,
				3DD030F8212FE92B00BF47BF /* ViewController.h */,
				3DD030F9212FE92B00BF47BF /* ViewController.m */,
				3DD030FB212FE92B00BF47BF /* Main.storyboard */,
				3DD030FE212FE92B00BF47BF /* Assets.xcassets */,
				3DD03100212FE92B00BF47BF /* LaunchScreen.storyboard */,
				3DD03103212FE92C00BF47BF /* Info.plist */,
				3DD03104212FE92C00BF47BF /* main.m */,
			);
			path = JLImgCache;
			sourceTree = "<group>";
		};
		3DD0310D212FE92C00BF47BF /* JLImgCacheTests */ = {
			isa = PBXGroup;
			children = (
				3DD0310E212FE92C00BF47BF /* JLImgCacheTests.m */,
				3DD03110212FE92C00BF47BF /* Info.plist */,
			);
			path = JLImgCacheTests;
			sourceTree = "<group>";
		};
		3DD03118212FE92C00BF47BF /* JLImgCacheUITests */ = {
			isa = PBXGroup;
			children = (
				3DD03119212FE92C00BF47BF /* JLImgCacheUITests.m */,
				3DD0311B212FE92C00BF47BF /* Info.plist */,
			);
			path = JLImgCacheUITests;
			sourceTree = "<group>";
		};
		3DD03127212FE96600BF47BF /* JLImgCache */ = {
			isa = PBXGroup;
			children = (
				3DD03128212FE96600BF47BF /* JLImgDownIoad.m */,
				3DD03129212FE96600BF47BF /* JLImgCache.m */,
				3DD0312A212FE96600BF47BF /* UIImageView+JLloadimg.m */,
				3DD0312B212FE96600BF47BF /* JLImgCache.h */,
				3DD0312C212FE96600BF47BF /* JLImgDownIoad.h */,
				3DD0312D212FE96600BF47BF /* UIImageView+JLloadimg.h */,
			);
			path = JLImgCache;
			sourceTree = "<group>";
		};
/* End PBXGroup section */

/* Begin PBXNativeTarget section */
		3DD030F1212FE92B00BF47BF /* JLImgCache */ = {
			isa = PBXNativeTarget;
			buildConfigurationList = 3DD0311E212FE92C00BF47BF /* Build configuration list for PBXNativeTarget "JLImgCache" */;
			buildPhases = (
				3DD030EE212FE92B00BF47BF /* Sources */,
				3DD030EF212FE92B00BF47BF /* Frameworks */,
				3DD030F0212FE92B00BF47BF /* Resources */,
			);
			buildRules = (
			);
			dependencies = (
			);
			name = JLImgCache;
			productName = JLImgCache;
			productReference = 3DD030F2212FE92B00BF47BF /* JLImgCache.app */;
			productType = "com.apple.product-type.application";
		};
		3DD03109212FE92C00BF47BF /* JLImgCacheTests */ = {
			isa = PBXNativeTarget;
			buildConfigurationList = 3DD03121212FE92C00BF47BF /* Build configuration list for PBXNativeTarget "JLImgCacheTests" */;
			buildPhases = (
				3DD03106212FE92C00BF47BF /* Sources */,
				3DD03107212FE92C00BF47BF /* Frameworks */,
				3DD03108212FE92C00BF47BF /* Resources */,
			);
			buildRules = (
			);
			dependencies = (
				3DD0310C212FE92C00BF47BF /* PBXTargetDependency */,
			);
			name = JLImgCacheTests;
			productName = JLImgCacheTests;
			productReference = 3DD0310A212FE92C00BF47BF /* JLImgCacheTests.xctest */;
			productType = "com.apple.product-type.bundle.unit-test";
		};
		3DD03114212FE92C00BF47BF /* JLImgCacheUITests */ = {
			isa = PBXNativeTarget;
			buildConfigurationList = 3DD03124212FE92C00BF47BF /* Build configuration list for PBXNativeTarget "JLImgCacheUITests" */;
			buildPhases = (
				3DD03111212FE92C00BF47BF /* Sources */,
				3DD03112212FE92C00BF47BF /* Frameworks */,
				3DD03113212FE92C00BF47BF /* Resources */,
			);
			buildRules = (
			);
			dependencies = (
				3DD03117212FE92C00BF47BF /* PBXTargetDependency */,
			);
			name = JLImgCacheUITests;
			productName = JLImgCacheUITests;
			productReference = 3DD03115212FE92C00BF47BF /* JLImgCacheUITests.xctest */;
			productType = "com.apple.product-type.bundle.ui-testing";
		};
/* End PBXNativeTarget section */

/* Begin PBXProject section */
		3DD030EA212FE92B00BF47BF /* Project object */ = {
			isa = PBXProject;
			attributes = {
				LastUpgradeCheck = 0910;
				ORGANIZATIONNAME = WZC;
				TargetAttributes = {
					3DD030F1212FE92B00BF47BF = {
						CreatedOnToolsVersion = 9.1;
						ProvisioningStyle = Automatic;
					};
					3DD03109212FE92C00BF47BF = {
						CreatedOnToolsVersion = 9.1;
						ProvisioningStyle = Automatic;
						TestTargetID = 3DD030F1212FE92B00BF47BF;
					};
					3DD03114212FE92C00BF47BF = {
						CreatedOnToolsVersion = 9.1;
						ProvisioningStyle = Automatic;
						TestTargetID = 3DD030F1212FE92B00BF47BF;
					};
				};
			};
			buildConfigurationList = 3DD030ED212FE92B00BF47BF /* Build configuration list for PBXProject "JLImgCache" */;
			compatibilityVersion = "Xcode 8.0";
			developmentRegion = en;
			hasScannedForEncodings = 0;
			knownRegions = (
				en,
				Base,
			);
			mainGroup = 3DD030E9212FE92B00BF47BF;
			productRefGroup = 3DD030F3212FE92B00BF47BF /* Products */;
			projectDirPath = "";
			projectRoot = "";
			targets = (
				3DD030F1212FE92B00BF47BF /* JLImgCache */,
				3DD03109212FE92C00BF47BF /* JLImgCacheTests */,
				3DD03114212FE92C00BF47BF /* JLImgCacheUITests */,
			);
		};
/* End PBXProject section */

/* Begin PBXResourcesBuildPhase section */
		3DD030F0212FE92B00BF47BF /* Resources */ = {
			isa = PBXResourcesBuildPhase;
			buildActionMask = 2147483647;
			files = (
				3DD03102212FE92B00BF47BF /* LaunchScreen.storyboard in Resources */,
				3DD030FF212FE92B00BF47BF /* Assets.xcassets in Resources */,
				3DD030FD212FE92B00BF47BF /* Main.storyboard in Resources */,
			);
			runOnlyForDeploymentPostprocessing = 0;
		};
		3DD03108212FE92C00BF47BF /* Resources */ = {
			isa = PBXResourcesBuildPhase;
			buildActionMask = 2147483647;
			files = (
			);
			runOnlyForDeploymentPostprocessing = 0;
		};
		3DD03113212FE92C00BF47BF /* Resources */ = {
			isa = PBXResourcesBuildPhase;
			buildActionMask = 2147483647;
			files = (
			);
			runOnlyForDeploymentPostprocessing = 0;
		};
/* End PBXResourcesBuildPhase section */

/* Begin PBXSourcesBuildPhase section */
		3DD030EE212FE92B00BF47BF /* Sources */ = {
			isa = PBXSourcesBuildPhase;
			buildActionMask = 2147483647;
			files = (
				3DD030FA212FE92B00BF47BF /* ViewController.m in Sources */,
				3DD0312F212FE96600BF47BF /* JLImgCache.m in Sources */,
				3DD03105212FE92C00BF47BF /* main.m in Sources */,
				3DD0312E212FE96600BF47BF /* JLImgDownIoad.m in Sources */,
				3DD03130212FE96600BF47BF /* UIImageView+JLloadimg.m in Sources */,
				3DD030F7212FE92B00BF47BF /* AppDelegate.m in Sources */,
			);
			runOnlyForDeploymentPostprocessing = 0;
		};
		3DD03106212FE92C00BF47BF /* Sources */ = {
			isa = PBXSourcesBuildPhase;
			buildActionMask = 2147483647;
			files = (
				3DD0310F212FE92C00BF47BF /* JLImgCacheTests.m in Sources */,
			);
			runOnlyForDeploymentPostprocessing = 0;
		};
		3DD03111212FE92C00BF47BF /* Sources */ = {
			isa = PBXSourcesBuildPhase;
			buildActionMask = 2147483647;
			files = (
				3DD0311A212FE92C00BF47BF /* JLImgCacheUITests.m in Sources */,
			);
			runOnlyForDeploymentPostprocessing = 0;
		};
/* End PBXSourcesBuildPhase section */

/* Begin PBXTargetDependency section */
		3DD0310C212FE92C00BF47BF /* PBXTargetDependency */ = {
			isa = PBXTargetDependency;
			target = 3DD030F1212FE92B00BF47BF /* JLImgCache */;
			targetProxy = 3DD0310B212FE92C00BF47BF /* PBXContainerItemProxy */;
		};
		3DD03117212FE92C00BF47BF /* PBXTargetDependency */ = {
			isa = PBXTargetDependency;
			target = 3DD030F1212FE92B00BF47BF /* JLImgCache */;
			targetProxy = 3DD03116212FE92C00BF47BF /* PBXContainerItemProxy */;
		};
/* End PBXTargetDependency section */

/* Begin PBXVariantGroup section */
		3DD030FB212FE92B00BF47BF /* Main.storyboard */ = {
			isa = PBXVariantGroup;
			children = (
				3DD030FC212FE92B00BF47BF /* Base */,
			);
			name = Main.storyboard;
			sourceTree = "<group>";
		};
		3DD03100212FE92B00BF47BF /* LaunchScreen.storyboard */ = {
			isa = PBXVariantGroup;
			children = (
				3DD03101212FE92B00BF47BF /* Base */,
			);
			name = LaunchScreen.storyboard;
			sourceTree = "<group>";
		};
/* End PBXVariantGroup section */

/* Begin XCBuildConfiguration section */
		3DD0311C212FE92C00BF47BF /* Debug */ = {
			isa = XCBuildConfiguration;
			buildSettings = {
				ALWAYS_SEARCH_USER_PATHS = NO;
				CLANG_ANALYZER_NONNULL = YES;
				CLANG_ANALYZER_NUMBER_OBJECT_CONVERSION = YES_AGGRESSIVE;
				CLANG_CXX_LANGUAGE_STANDARD = "gnu++14";
				CLANG_CXX_LIBRARY = "libc++";
				CLANG_ENABLE_MODULES = YES;
				CLANG_ENABLE_OBJC_ARC = YES;
				CLANG_WARN_BLOCK_CAPTURE_AUTORELEASING = YES;
				CLANG_WARN_BOOL_CONVERSION = YES;
				CLANG_WARN_COMMA = YES;
				CLANG_WARN_CONSTANT_CONVERSION = YES;
				CLANG_WARN_DIRECT_OBJC_ISA_USAGE = YES_ERROR;
				CLANG_WARN_DOCUMENTATION_COMMENTS = YES;
				CLANG_WARN_EMPTY_BODY = YES;
				CLANG_WARN_ENUM_CONVERSION = YES;
				CLANG_WARN_INFINITE_RECURSION = YES;
				CLANG_WARN_INT_CONVERSION = YES;
				CLANG_WARN_NON_LITERAL_NULL_CONVERSION = YES;
				CLANG_WARN_OBJC_LITERAL_CONVERSION = YES;
				CLANG_WARN_OBJC_ROOT_CLASS = YES_ERROR;
				CLANG_WARN_RANGE_LOOP_ANALYSIS = YES;
				CLANG_WARN_STRICT_PROTOTYPES = YES;
				CLANG_WARN_SUSPICIOUS_MOVE = YES;
				CLANG_WARN_UNGUARDED_AVAILABILITY = YES_AGGRESSIVE;
				CLANG_WARN_UNREACHABLE_CODE = YES;
				CLANG_WARN__DUPLICATE_METHOD_MATCH = YES;
				CODE_SIGN_IDENTITY = "iPhone Developer";
				COPY_PHASE_STRIP = NO;
				DEBUG_INFORMATION_FORMAT = dwarf;
				ENABLE_STRICT_OBJC_MSGSEND = YES;
				ENABLE_TESTABILITY = YES;
				GCC_C_LANGUAGE_STANDARD = gnu11;
				GCC_DYNAMIC_NO_PIC = NO;
				GCC_NO_COMMON_BLOCKS = YES;
				GCC_OPTIMIZATION_LEVEL = 0;
				GCC_PREPROCESSOR_DEFINITIONS = (
					"DEBUG=1",
					"$(inherited)",
				);
				GCC_WARN_64_TO_32_BIT_CONVERSION = YES;
				GCC_WARN_ABOUT_RETURN_TYPE = YES_ERROR;
				GCC_WARN_UNDECLARED_SELECTOR = YES;
				GCC_WARN_UNINITIALIZED_AUTOS = YES_AGGRESSIVE;
				GCC_WARN_UNUSED_FUNCTION = YES;
				GCC_WARN_UNUSED_VARIABLE = YES;
				IPHONEOS_DEPLOYMENT_TARGET = 11.1;
				MTL_ENABLE_DEBUG_INFO = YES;
				ONLY_ACTIVE_ARCH = YES;
				SDKROOT = iphoneos;
			};
			name = Debug;
		};
		3DD0311D212FE92C00BF47BF /* Release */ = {
			isa = XCBuildConfiguration;
			buildSettings = {
				ALWAYS_SEARCH_USER_PATHS = NO;
				CLANG_ANALYZER_NONNULL = YES;
				CLANG_ANALYZER_NUMBER_OBJECT_CONVERSION = YES_AGGRESSIVE;
				CLANG_CXX_LANGUAGE_STANDARD = "gnu++14";
				CLANG_CXX_LIBRARY = "libc++";
				CLANG_ENABLE_MODULES = YES;
				CLANG_ENABLE_OBJC_ARC = YES;
				CLANG_WARN_BLOCK_CAPTURE_AUTORELEASING = YES;
				CLANG_WARN_BOOL_CONVERSION = YES;
				CLANG_WARN_COMMA = YES;
				CLANG_WARN_CONSTANT_CONVERSION = YES;
				CLANG_WARN_DIRECT_OBJC_ISA_USAGE = YES_ERROR;
				CLANG_WARN_DOCUMENTATION_COMMENTS = YES;
				CLANG_WARN_EMPTY_BODY = YES;
				CLANG_WARN_ENUM_CONVERSION = YES;
				CLANG_WARN_INFINITE_RECURSION = YES;
				CLANG_WARN_INT_CONVERSION = YES;
				CLANG_WARN_NON_LITERAL_NULL_CONVERSION = YES;
				CLANG_WARN_OBJC_LITERAL_CONVERSION = YES;
				CLANG_WARN_OBJC_ROOT_CLASS = YES_ERROR;
				CLANG_WARN_RANGE_LOOP_ANALYSIS = YES;
				CLANG_WARN_STRICT_PROTOTYPES = YES;
				CLANG_WARN_SUSPICIOUS_MOVE = YES;
				CLANG_WARN_UNGUARDED_AVAILABILITY = YES_AGGRESSIVE;
				CLANG_WARN_UNREACHABLE_CODE = YES;
				CLANG_WARN__DUPLICATE_METHOD_MATCH = YES;
				CODE_SIGN_IDENTITY = "iPhone Developer";
				COPY_PHASE_STRIP = NO;
				DEBUG_INFORMATION_FORMAT = "dwarf-with-dsym";
				ENABLE_NS_ASSERTIONS = NO;
				ENABLE_STRICT_OBJC_MSGSEND = YES;
				GCC_C_LANGUAGE_STANDARD = gnu11;
				GCC_NO_COMMON_BLOCKS = YES;
				GCC_WARN_64_TO_32_BIT_CONVERSION = YES;
				GCC_WARN_ABOUT_RETURN_TYPE = YES_ERROR;
				GCC_WARN_UNDECLARED_SELECTOR = YES;
				GCC_WARN_UNINITIALIZED_AUTOS = YES_AGGRESSIVE;
				GCC_WARN_UNUSED_FUNCTION = YES;
				GCC_WARN_UNUSED_VARIABLE = YES;
				IPHONEOS_DEPLOYMENT_TARGET = 11.1;
				MTL_ENABLE_DEBUG_INFO = NO;
				SDKROOT = iphoneos;
				VALIDATE_PRODUCT = YES;
			};
			name = Release;
		};
		3DD0311F212FE92C00BF47BF /* Debug */ = {
			isa = XCBuildConfiguration;
			buildSettings = {
				ASSETCATALOG_COMPILER_APPICON_NAME = AppIcon;
				CODE_SIGN_STYLE = Automatic;
				INFOPLIST_FILE = JLImgCache/Info.plist;
				LD_RUNPATH_SEARCH_PATHS = "$(inherited) @executable_path/Frameworks";
				PRODUCT_BUNDLE_IDENTIFIER = Demo.JLImgCache;
				PRODUCT_NAME = "$(TARGET_NAME)";
				TARGETED_DEVICE_FAMILY = "1,2";
			};
			name = Debug;
		};
		3DD03120212FE92C00BF47BF /* Release */ = {
			isa = XCBuildConfiguration;
			buildSettings = {
				ASSETCATALOG_COMPILER_APPICON_NAME = AppIcon;
				CODE_SIGN_STYLE = Automatic;
				INFOPLIST_FILE = JLImgCache/Info.plist;
				LD_RUNPATH_SEARCH_PATHS = "$(inherited) @executable_path/Frameworks";
				PRODUCT_BUNDLE_IDENTIFIER = Demo.JLImgCache;
				PRODUCT_NAME = "$(TARGET_NAME)";
				TARGETED_DEVICE_FAMILY = "1,2";
			};
			name = Release;
		};
		3DD03122212FE92C00BF47BF /* Debug */ = {
			isa = XCBuildConfiguration;
			buildSettings = {
				BUNDLE_LOADER = "$(TEST_HOST)";
				CODE_SIGN_STYLE = Automatic;
				INFOPLIST_FILE = JLImgCacheTests/Info.plist;
				LD_RUNPATH_SEARCH_PATHS = "$(inherited) @executable_path/Frameworks @loader_path/Frameworks";
				PRODUCT_BUNDLE_IDENTIFIER = Demo.JLImgCacheTests;
				PRODUCT_NAME = "$(TARGET_NAME)";
				TARGETED_DEVICE_FAMILY = "1,2";
				TEST_HOST = "$(BUILT_PRODUCTS_DIR)/JLImgCache.app/JLImgCache";
			};
			name = Debug;
		};
		3DD03123212FE92C00BF47BF /* Release */ = {
			isa = XCBuildConfiguration;
			buildSettings = {
				BUNDLE_LOADER = "$(TEST_HOST)";
				CODE_SIGN_STYLE = Automatic;
				INFOPLIST_FILE = JLImgCacheTests/Info.plist;
				LD_RUNPATH_SEARCH_PATHS = "$(inherited) @executable_path/Frameworks @loader_path/Frameworks";
				PRODUCT_BUNDLE_IDENTIFIER = Demo.JLImgCacheTests;
				PRODUCT_NAME = "$(TARGET_NAME)";
				TARGETED_DEVICE_FAMILY = "1,2";
				TEST_HOST = "$(BUILT_PRODUCTS_DIR)/JLImgCache.app/JLImgCache";
			};
			name = Release;
		};
		3DD03125212FE92C00BF47BF /* Debug */ = {
			isa = XCBuildConfiguration;
			buildSettings = {
				CODE_SIGN_STYLE = Automatic;
				INFOPLIST_FILE = JLImgCacheUITests/Info.plist;
				LD_RUNPATH_SEARCH_PATHS = "$(inherited) @executable_path/Frameworks @loader_path/Frameworks";
				PRODUCT_BUNDLE_IDENTIFIER = Demo.JLImgCacheUITests;
				PRODUCT_NAME = "$(TARGET_NAME)";
				TARGETED_DEVICE_FAMILY = "1,2";
				TEST_TARGET_NAME = JLImgCache;
			};
			name = Debug;
		};
		3DD03126212FE92C00BF47BF /* Release */ = {
			isa = XCBuildConfiguration;
			buildSettings = {
				CODE_SIGN_STYLE = Automatic;
				INFOPLIST_FILE = JLImgCacheUITests/Info.plist;
				LD_RUNPATH_SEARCH_PATHS = "$(inherited) @executable_path/Frameworks @loader_path/Frameworks";
				PRODUCT_BUNDLE_IDENTIFIER = Demo.JLImgCacheUITests;
				PRODUCT_NAME = "$(TARGET_NAME)";
				TARGETED_DEVICE_FAMILY = "1,2";
				TEST_TARGET_NAME = JLImgCache;
			};
			name = Release;
		};
/* End XCBuildConfiguration section */

/* Begin XCConfigurationList section */
		3DD030ED212FE92B00BF47BF /* Build configuration list for PBXProject "JLImgCache" */ = {
			isa = XCConfigurationList;
			buildConfigurations = (
				3DD0311C212FE92C00BF47BF /* Debug */,
				3DD0311D212FE92C00BF47BF /* Release */,
			);
			defaultConfigurationIsVisible = 0;
			defaultConfigurationName = Release;
		};
		3DD0311E212FE92C00BF47BF /* Build configuration list for PBXNativeTarget "JLImgCache" */ = {
			isa = XCConfigurationList;
			buildConfigurations = (
				3DD0311F212FE92C00BF47BF /* Debug */,
				3DD03120212FE92C00BF47BF /* Release */,
			);
			defaultConfigurationIsVisible = 0;
			defaultConfigurationName = Release;
		};
		3DD03121212FE92C00BF47BF /* Build configuration list for PBXNativeTarget "JLImgCacheTests" */ = {
			isa = XCConfigurationList;
			buildConfigurations = (
				3DD03122212FE92C00BF47BF /* Debug */,
				3DD03123212FE92C00BF47BF /* Release */,
			);
			defaultConfigurationIsVisible = 0;
			defaultConfigurationName = Release;
		};
		3DD03124212FE92C00BF47BF /* Build configuration list for PBXNativeTarget "JLImgCacheUITests" */ = {
			isa = XCConfigurationList;
			buildConfigurations = (
				3DD03125212FE92C00BF47BF /* Debug */,
				3DD03126212FE92C00BF47BF /* Release */,
			);
			defaultConfigurationIsVisible = 0;
			defaultConfigurationName = Release;
		};
/* End XCConfigurationList section */
	};
	rootObject = 3DD030EA212FE92B00BF47BF /* Project object */;
}
